
Microsoft Visual Studio Solution File, Format Version 12.00
# Visual Studio Version 16
VisualStudioVersion = 16.0.31624.102
MinimumVisualStudioVersion = 10.0.40219.1
Project("{FAE04EC0-301F-11D3-BF4B-00C04F79EFBC}") = "Fåglar", "Fåglar\Fåglar.csproj", "{11782563-A08D-4D7F-A4B2-F085675E2F7D}"
EndProject
Global
	GlobalSection(SolutionConfigurationPlatforms) = preSolution
		Debug|Any CPU = Debug|Any CPU
		Release|Any CPU = Release|Any CPU
	EndGlobalSection
	GlobalSection(ProjectConfigurationPlatforms) = postSolution
		{11782563-A08D-4D7F-A4B2-F085675E2F7D}.Debug|Any CPU.ActiveCfg = Debug|Any CPU
		{11782563-A08D-4D7F-A4B2-F085675E2F7D}.Debug|Any CPU.Build.0 = Debug|Any CPU
		{11782563-A08D-4D7F-A4B2-F085675E2F7D}.Release|Any CPU.ActiveCfg = Release|Any CPU
		{11782563-A08D-4D7F-A4B2-F085675E2F7D}.Release|Any CPU.Build.0 = Release|Any CPU
	EndGlobalSection
	GlobalSection(SolutionProperties) = preSolution
		HideSolutionNode = FALSE
	EndGlobalSection
	GlobalSection(ExtensibilityGlobals) = postSolution
		SolutionGuid = {2ED256CF-1F76-47C7-BDE1-FF7A89D2EA18}
	EndGlobalSection
EndGlobal
